
Microsoft Visual Studio Solution File, Format Version 12.00
# Visual Studio Version 17
VisualStudioVersion = 17.6.33712.159
MinimumVisualStudioVersion = 10.0.40219.1
Project("{FAE04EC0-301F-11D3-BF4B-00C04F79EFBC}") = "asp.net_practice", "asp.net_practice.csproj", "{2F6AF59F-821D-4F77-9645-E6C17443D043}"
EndProject
Global
	GlobalSection(SolutionConfigurationPlatforms) = preSolution
		Debug|Any CPU = Debug|Any CPU
		Release|Any CPU = Release|Any CPU
	EndGlobalSection
	GlobalSection(ProjectConfigurationPlatforms) = postSolution
		{2F6AF59F-821D-4F77-9645-E6C17443D043}.Debug|Any CPU.ActiveCfg = Debug|Any CPU
		{2F6AF59F-821D-4F77-9645-E6C17443D043}.Debug|Any CPU.Build.0 = Debug|Any CPU
		{2F6AF59F-821D-4F77-9645-E6C17443D043}.Release|Any CPU.ActiveCfg = Release|Any CPU
		{2F6AF59F-821D-4F77-9645-E6C17443D043}.Release|Any CPU.Build.0 = Release|Any CPU
	EndGlobalSection
	GlobalSection(SolutionProperties) = preSolution
		HideSolutionNode = FALSE
	EndGlobalSection
	GlobalSection(ExtensibilityGlobals) = postSolution
		SolutionGuid = {469F43D8-6021-4B55-A6FB-EBD570AF6483}
	EndGlobalSection
EndGlobal
